{
  "name": "iampatterson-dataform",
  "lockfileVersion": 3,
  "requires": true,
  "packages": {
    "": {
      "name": "iampatterson-dataform",
      "dependencies": {
        "@dataform/core": "3.0.69"
      }
    },
    "node_modules/@dataform/core": {
      "version": "3.0.69",
      "resolved": "https://registry.npmjs.org/@dataform/core/-/core-3.0.69.tgz",
      "integrity": "sha512-9AUwDcrPHilJwE4ds/hJyLSwp295QQXLfL67kF9hZttD9bzk+/ra86b0yQph0XpxLj+/AfxFqdbB0e4vALPW3w==",
      "license": "Apache-2.0"
    }
  }
}
